
Microsoft Visual Studio Solution File, Format Version 12.00
# Visual Studio Version 17
VisualStudioVersion = 17.0.32014.148
MinimumVisualStudioVersion = 10.0.40219.1
Project("{FAE04EC0-301F-11D3-BF4B-00C04F79EFBC}") = "scraper", "scraper\scraper.csproj", "{1A4CE9E7-97BE-4271-A6F6-402CA65B69BE}"
EndProject
Global
	GlobalSection(SolutionConfigurationPlatforms) = preSolution
		Debug|Any CPU = Debug|Any CPU
		Release|Any CPU = Release|Any CPU
	EndGlobalSection
	GlobalSection(ProjectConfigurationPlatforms) = postSolution
		{1A4CE9E7-97BE-4271-A6F6-402CA65B69BE}.Debug|Any CPU.ActiveCfg = Debug|Any CPU
		{1A4CE9E7-97BE-4271-A6F6-402CA65B69BE}.Debug|Any CPU.Build.0 = Debug|Any CPU
		{1A4CE9E7-97BE-4271-A6F6-402CA65B69BE}.Release|Any CPU.ActiveCfg = Release|Any CPU
		{1A4CE9E7-97BE-4271-A6F6-402CA65B69BE}.Release|Any CPU.Build.0 = Release|Any CPU
	EndGlobalSection
	GlobalSection(SolutionProperties) = preSolution
		HideSolutionNode = FALSE
	EndGlobalSection
	GlobalSection(ExtensibilityGlobals) = postSolution
		SolutionGuid = {7C97C332-1B37-45EB-8E9F-B3831DA84F98}
	EndGlobalSection
EndGlobal
